
Microsoft Visual Studio Solution File, Format Version 12.00
# Visual Studio Version 17
VisualStudioVersion = 17.8.34322.80
MinimumVisualStudioVersion = 10.0.40219.1
Project("{8BC9CEB8-8B4A-11D0-8D11-00A0C91BC942}") = "enginewip", "enginewip.vcxproj", "{083CC417-E823-4295-95DD-2B4D28410149}"
EndProject
Global
	GlobalSection(SolutionConfigurationPlatforms) = preSolution
		Debug|x64 = Debug|x64
		Debug|x86 = Debug|x86
		Release|x64 = Release|x64
		Release|x86 = Release|x86
	EndGlobalSection
	GlobalSection(ProjectConfigurationPlatforms) = postSolution
		{083CC417-E823-4295-95DD-2B4D28410149}.Debug|x64.ActiveCfg = Debug|x64
		{083CC417-E823-4295-95DD-2B4D28410149}.Debug|x64.Build.0 = Debug|x64
		{083CC417-E823-4295-95DD-2B4D28410149}.Debug|x86.ActiveCfg = Debug|Win32
		{083CC417-E823-4295-95DD-2B4D28410149}.Debug|x86.Build.0 = Debug|Win32
		{083CC417-E823-4295-95DD-2B4D28410149}.Release|x64.ActiveCfg = Release|x64
		{083CC417-E823-4295-95DD-2B4D28410149}.Release|x64.Build.0 = Release|x64
		{083CC417-E823-4295-95DD-2B4D28410149}.Release|x86.ActiveCfg = Release|Win32
		{083CC417-E823-4295-95DD-2B4D28410149}.Release|x86.Build.0 = Release|Win32
	EndGlobalSection
	GlobalSection(SolutionProperties) = preSolution
		HideSolutionNode = FALSE
	EndGlobalSection
	GlobalSection(ExtensibilityGlobals) = postSolution
		SolutionGuid = {F3D8364A-4016-4D22-ADD9-F839B2D7D9F8}
	EndGlobalSection
EndGlobal
